{
  "name": "capacitor-youtube-player",
  "version": "0.0.1-1",
  "lockfileVersion": 1,
  "requires": true,
  "dependencies": {
    "@capacitor/core": {
      "version": "1.0.0-alpha.38",
      "resolved": "https://registry.npmjs.org/@capacitor/core/-/core-1.0.0-alpha.38.tgz",
      "integrity": "sha512-NTGAG5MYOyF8WdCkFhamvHHI3Ak2SMHxp7tBTPF9H1UElW8lCl2SST2iqWwNx/lv7vQBHiVWGv8gyNonKuvQyQ==",
      "requires": {
        "tslib": "^1.9.0"
      }
    },
    "@types/youtube": {
      "version": "0.0.32",
      "resolved": "https://registry.npmjs.org/@types/youtube/-/youtube-0.0.32.tgz",
      "integrity": "sha512-fNknzXya97rrOnv9ulBdDefMcyViIuwSeFAPw+/ymofer2D6myXO6E3MucmcNAXjHzrlyLnrwwDied0bZqg0jw=="
    },
    "mime": {
      "version": "1.2.2",
      "resolved": "https://registry.npmjs.org/mime/-/mime-1.2.2.tgz",
      "integrity": "sha1-udY1W/U+jX1WaTEw5FHa/zQBSM8="
    },
    "qs": {
      "version": "0.4.2",
      "resolved": "https://registry.npmjs.org/qs/-/qs-0.4.2.tgz",
      "integrity": "sha1-PKxMhh43GoycR3CsI82o3mObjl8="
    },
    "request": {
      "version": "2.1.1",
      "resolved": "https://registry.npmjs.org/request/-/request-2.1.1.tgz",
      "integrity": "sha1-VXDgxzfWVuvW0dPICqUQ08+Gxvo="
    },
    "sax": {
      "version": "1.2.4",
      "resolved": "https://registry.npmjs.org/sax/-/sax-1.2.4.tgz",
      "integrity": "sha512-NqVDv9TpANUjFm0N8uM5GxL36UgKi9/atZw+x7YFnQ8ckwFGKrl4xX4yWtrey3UJm5nP1kUbnYgLopqWNSRhWw=="
    },
    "tslib": {
      "version": "1.9.1",
      "resolved": "https://registry.npmjs.org/tslib/-/tslib-1.9.1.tgz",
      "integrity": "sha512-avfPS28HmGLLc2o4elcc2EIq2FcH++Yo5YxpBZi9Yw93BCTGFthI4HPE4Rpep6vSYQaK8e69PelM44tPj+RaQg=="
    },
    "typescript": {
      "version": "2.8.3",
      "resolved": "https://registry.npmjs.org/typescript/-/typescript-2.8.3.tgz",
      "integrity": "sha512-K7g15Bb6Ra4lKf7Iq2l/I5/En+hLIHmxWZGq3D4DIRNFxMNV6j2SHSvDOqs2tGd4UvD/fJvrwopzQXjLrT7Itw==",
      "dev": true
    },
    "xml2js": {
      "version": "0.1.9",
      "resolved": "https://registry.npmjs.org/xml2js/-/xml2js-0.1.9.tgz",
      "integrity": "sha1-wm/Qgm4Bor5xEHSKNPD4OFvkWfE=",
      "requires": {
        "sax": ">=0.1.1"
      }
    },
    "youtube": {
      "version": "0.1.0",
      "resolved": "https://registry.npmjs.org/youtube/-/youtube-0.1.0.tgz",
      "integrity": "sha1-lrAetv9uhdpQX7KcyM9jt9KD2ZU=",
      "requires": {
        "mime": "1.2.2",
        "qs": "0.4.2",
        "request": "2.1.1",
        "xml2js": "0.1.9"
      }
    }
  }
}
