PODS:
  - Capacitor (4.5.0):
    - CapacitorCordova
  - CapacitorCordova (4.5.0)
  - SVProgressHUD (2.2.5)
  - YouTubePlayer (0.7.2)

DEPENDENCIES:
  - "Capacitor (from `../node_modules/@capacitor/ios`)"
  - "CapacitorCordova (from `../node_modules/@capacitor/ios`)"
  - SVProgressHUD
  - YouTubePlayer (from `https://github.com/abritopach/Swift-YouTube-Player.git`, commit `4f9e13d19c4a2a952d28abb2149839730d55466e`)

SPEC REPOS:
  trunk:
    - SVProgressHUD

EXTERNAL SOURCES:
  Capacitor:
    :path: "../node_modules/@capacitor/ios"
  CapacitorCordova:
    :path: "../node_modules/@capacitor/ios"
  YouTubePlayer:
    :commit: 4f9e13d19c4a2a952d28abb2149839730d55466e
    :git: https://github.com/abritopach/Swift-YouTube-Player.git

CHECKOUT OPTIONS:
  YouTubePlayer:
    :commit: 4f9e13d19c4a2a952d28abb2149839730d55466e
    :git: https://github.com/abritopach/Swift-YouTube-Player.git

SPEC CHECKSUMS:
  Capacitor: 94ea746d6b460711feb030f0f6585680fd4599ad
  CapacitorCordova: 1ba7a0509217944974297afab40fec6093e93848
  SVProgressHUD: 1428aafac632c1f86f62aa4243ec12008d7a51d6
  YouTubePlayer: 2b5f2830d8f9b2cde942083211291e382c9e6bd5

PODFILE CHECKSUM: 5c319e5e48b53f21ca6490acfbbab47a610d025d

COCOAPODS: 1.10.1
