PODS:
  - Capacitor (3.3.2):
    - CapacitorCordova
  - CapacitorCordova (3.3.2)
  - SVProgressHUD (2.2.5)
  - YouTubePlayer (0.7.2)

DEPENDENCIES:
  - "Capacitor (from `../node_modules/@capacitor/ios`)"
  - "CapacitorCordova (from `../node_modules/@capacitor/ios`)"
  - SVProgressHUD
  - YouTubePlayer (from `https://github.com/abritopach/Swift-YouTube-Player.git`, commit `a6741a5f1b4173b1240ddecff5524fd0dcc0e229`)

SPEC REPOS:
  trunk:
    - SVProgressHUD

EXTERNAL SOURCES:
  Capacitor:
    :path: "../node_modules/@capacitor/ios"
  CapacitorCordova:
    :path: "../node_modules/@capacitor/ios"
  YouTubePlayer:
    :commit: a6741a5f1b4173b1240ddecff5524fd0dcc0e229
    :git: https://github.com/abritopach/Swift-YouTube-Player.git

CHECKOUT OPTIONS:
  YouTubePlayer:
    :commit: a6741a5f1b4173b1240ddecff5524fd0dcc0e229
    :git: https://github.com/abritopach/Swift-YouTube-Player.git

SPEC CHECKSUMS:
  Capacitor: b8a7b81d33f3b7dcf934e2efc833feb6a1a8495f
  CapacitorCordova: a971c79c2186c6291c839c855ef2c31d0ca26ede
  SVProgressHUD: 1428aafac632c1f86f62aa4243ec12008d7a51d6
  YouTubePlayer: 2b5f2830d8f9b2cde942083211291e382c9e6bd5

PODFILE CHECKSUM: 6f579c0bc0c58ff98b0b18ca8ac9bb648422f4d6

COCOAPODS: 1.10.1
